
Microsoft Visual Studio Solution File, Format Version 12.00
# Visual Studio Version 17
VisualStudioVersion = 17.12.35527.113 d17.12
MinimumVisualStudioVersion = 10.0.40219.1
Project("{FAE04EC0-301F-11D3-BF4B-00C04F79EFBC}") = "personnage", "personnage\personnage.csproj", "{687846AC-E70A-432A-8BA9-D5A0181BA1FC}"
EndProject
Global
	GlobalSection(SolutionConfigurationPlatforms) = preSolution
		Debug|Any CPU = Debug|Any CPU
		Release|Any CPU = Release|Any CPU
	EndGlobalSection
	GlobalSection(ProjectConfigurationPlatforms) = postSolution
		{687846AC-E70A-432A-8BA9-D5A0181BA1FC}.Debug|Any CPU.ActiveCfg = Debug|Any CPU
		{687846AC-E70A-432A-8BA9-D5A0181BA1FC}.Debug|Any CPU.Build.0 = Debug|Any CPU
		{687846AC-E70A-432A-8BA9-D5A0181BA1FC}.Release|Any CPU.ActiveCfg = Release|Any CPU
		{687846AC-E70A-432A-8BA9-D5A0181BA1FC}.Release|Any CPU.Build.0 = Release|Any CPU
	EndGlobalSection
	GlobalSection(SolutionProperties) = preSolution
		HideSolutionNode = FALSE
	EndGlobalSection
EndGlobal
